{
    "_meta": {
        "hash": {
            "sha256": "8cb225cf9156ea084704a188cf5a4e94eb13dd9f525bc1ca52925d77a96eec99"
        },
        "pipfile-spec": 6,
        "requires": {
            "python_version": "3.9"
        },
        "sources": [
            {
                "name": "pypi",
                "url": "https://mirrors.aliyun.com/pypi/simple/",
                "verify_ssl": true
            }
        ]
    },
    "default": {},
    "develop": {}
}
